
Microsoft Visual Studio Solution File, Format Version 12.00
# Visual Studio Version 16
VisualStudioVersion = 16.0.30621.155
MinimumVisualStudioVersion = 10.0.40219.1
Project("{9A19103F-16F7-4668-BE54-9A1E7A4F7556}") = "WebDemo2", "WebDemo2\WebDemo2.csproj", "{CB1E65D1-B9B1-47A2-B8B3-9A22A543F945}"
EndProject
Global
	GlobalSection(SolutionConfigurationPlatforms) = preSolution
		Debug|Any CPU = Debug|Any CPU
		Release|Any CPU = Release|Any CPU
	EndGlobalSection
	GlobalSection(ProjectConfigurationPlatforms) = postSolution
		{CB1E65D1-B9B1-47A2-B8B3-9A22A543F945}.Debug|Any CPU.ActiveCfg = Debug|Any CPU
		{CB1E65D1-B9B1-47A2-B8B3-9A22A543F945}.Debug|Any CPU.Build.0 = Debug|Any CPU
		{CB1E65D1-B9B1-47A2-B8B3-9A22A543F945}.Release|Any CPU.ActiveCfg = Release|Any CPU
		{CB1E65D1-B9B1-47A2-B8B3-9A22A543F945}.Release|Any CPU.Build.0 = Release|Any CPU
	EndGlobalSection
	GlobalSection(SolutionProperties) = preSolution
		HideSolutionNode = FALSE
	EndGlobalSection
	GlobalSection(ExtensibilityGlobals) = postSolution
		SolutionGuid = {5D79003B-F8F2-469F-89C2-FED346A45315}
	EndGlobalSection
EndGlobal
